lockfileVersion: 5.3

importers:

  .:
    specifiers:
      '@ragemp/types-shared': github:rysemultiplayer/ragemp-types#types-shared
      prettier: ^2.4.1
    devDependencies:
      '@ragemp/types-shared': github.com/rysemultiplayer/ragemp-types/749f88e72539af4f1f4bcbb78d234f4da1af3fb2
      prettier: 2.4.1

  packages/server:
    specifiers: {}

packages:

  /prettier/2.4.1:
    resolution: {integrity: sha512-9fbDAXSBcc6Bs1mZrDYb3XKzDLm4EXXL9sC1LqKP5rZkT6KRr/rf9amVUcODVXgguK/isJz0d0hP72WeaKWsvA==}
    engines: {node: '>=10.13.0'}
    hasBin: true
    dev: true

  github.com/rysemultiplayer/ragemp-types/749f88e72539af4f1f4bcbb78d234f4da1af3fb2:
    resolution: {commit: 749f88e72539af4f1f4bcbb78d234f4da1af3fb2, repo: git+ssh://git@github.com/rysemultiplayer/ragemp-types.git, type: git}
    name: '@ragemp/types-shared'
    version: 1.0.0
    dev: true
